{
  "name": "isoart",
  "version": "0.1.0",
  "lockfileVersion": 1,
  "requires": true,
  "dependencies": {
    "amdefine": {
      "version": "1.0.1",
      "resolved": "https://registry.npmjs.org/amdefine/-/amdefine-1.0.1.tgz",
      "integrity": "sha1-SlKCrBZHKek2Gbz9OtFR+BfOkfU="
    },
    "esprima": {
      "version": "1.0.0",
      "resolved": "https://registry.npmjs.org/esprima/-/esprima-1.0.0.tgz",
      "integrity": "sha1-XwVxuUqH1RmbHzAqfifrGF5GaFA="
    },
    "falafel": {
      "version": "0.1.4",
      "resolved": "https://registry.npmjs.org/falafel/-/falafel-0.1.4.tgz",
      "integrity": "sha1-3SKN0WWhVZ0NyT9TPEtjtZOWpuk=",
      "requires": {
        "esprima": "1.0.0"
      }
    },
    "falafel-map": {
      "version": "0.3.2",
      "resolved": "https://registry.npmjs.org/falafel-map/-/falafel-map-0.3.2.tgz",
      "integrity": "sha1-2BZDxLZOO2fKAha79UMK7xwyq3E=",
      "requires": {
        "esprima": "*",
        "source-map": "0.1.x"
      },
      "dependencies": {
        "esprima": {
          "version": "1.1.0-dev",
          "bundled": true
        }
      }
    },
    "fondue": {
      "version": "0.6.1",
      "resolved": "https://registry.npmjs.org/fondue/-/fondue-0.6.1.tgz",
      "integrity": "sha1-KFwBzk/pKH3OJmU8z2t2L8aG+pA=",
      "requires": {
        "falafel": "0.1.4",
        "falafel-map": "0.3.2"
      }
    },
    "source-map": {
      "version": "0.1.43",
      "resolved": "https://registry.npmjs.org/source-map/-/source-map-0.1.43.tgz",
      "integrity": "sha1-wkvBRspRfBRx9drL4lcbK3+eM0Y=",
      "requires": {
        "amdefine": ">=0.0.4"
      }
    }
  }
}
